<?xml version="1.0" encoding="utf-8"?>
<Project ToolsVersion="4.0" xmlns="http://schemas.microsoft.com/developer/msbuild/2003">
  <ItemGroup>
    <ClCompile Include="H265StreamParser.cpp">
      <Filter>Source Files</Filter>
    </ClCompile>
    <ClCompile Include="ProxyMediaSink.cpp">
      <Filter>Source Files</Filter>
    </ClCompile>
    <ClCompile Include="RtspSourcePin.cpp">
      <Filter>Source Files</Filter>
    </ClCompile>
    <ClCompile Include="stdafx.cpp">
      <Filter>Source Files</Filter>
    </ClCompile>
    <ClCompile Include="RtspSource.cpp">
      <Filter>Source Files</Filter>
    </ClCompile>
  </ItemGroup>
  <ItemGroup>
    <ClInclude Include="H265StreamParser.h">
      <Filter>Header Files</Filter>
    </ClInclude>
    <ClInclude Include="MediaPacketSample.h">
      <Filter>Header Files</Filter>
    </ClInclude>
    <ClInclude Include="ProxyMediaSink.h">
      <Filter>Header Files</Filter>
    </ClInclude>
    <ClInclude Include="RtspAsyncRequest.h">
      <Filter>Header Files</Filter>
    </ClInclude>
    <ClInclude Include="stdafx.h">
      <Filter>Header Files</Filter>
    </ClInclude>
    <ClInclude Include="RtspSourcePin.h">
      <Filter>Header Files</Filter>
    </ClInclude>
    <ClInclude Include="IRtspSource.h">
      <Filter>Interface Files</Filter>
    </ClInclude>
    <ClInclude Include="RtspSource.h">
      <Filter>Header Files</Filter>
    </ClInclude>
  </ItemGroup>
  <ItemGroup>
    <Filter Include="Header Files">
      <UniqueIdentifier>{11a135c7-388b-493b-a4f8-199a3e6e0d53}</UniqueIdentifier>
    </Filter>
    <Filter Include="Source Files">
      <UniqueIdentifier>{141c0ed1-6393-42d6-b34a-16f1ba2d9668}</UniqueIdentifier>
    </Filter>
    <Filter Include="Interface Files">
      <UniqueIdentifier>{5d1e415f-4707-4ba1-a157-fde395b36ec0}</UniqueIdentifier>
    </Filter>
  </ItemGroup>
  <ItemGroup>
    <None Include="RtspSource.def">
      <Filter>Source Files</Filter>
    </None>
  </ItemGroup>
</Project>