<?xml version="1.0" encoding="utf-8"?>
<Project ToolsVersion="14.0" xmlns="http://schemas.microsoft.com/developer/msbuild/2003">
  <ItemGroup>
    <Filter Include="Source Files">
      <UniqueIdentifier>{7a9014bb-a149-4bb1-be1b-b988a38f79d0}</UniqueIdentifier>
      <Extensions>cpp;c;cxx;def;odl;idl;hpj;bat;asm</Extensions>
    </Filter>
    <Filter Include="Header Files">
      <UniqueIdentifier>{2b09c18b-87fc-47da-a366-3e14c0b9d40f}</UniqueIdentifier>
      <Extensions>h;hpp;hxx;hm;inl;inc</Extensions>
    </Filter>
    <Filter Include="DeCSS">
      <UniqueIdentifier>{8b59430d-bf53-4481-8abf-691a97eb800b}</UniqueIdentifier>
    </Filter>
    <Filter Include="DeCSS\Header Files">
      <UniqueIdentifier>{514c31ec-bd3c-4555-9d20-fd62c92068bd}</UniqueIdentifier>
    </Filter>
    <Filter Include="DeCSS\Source Files">
      <UniqueIdentifier>{f953a183-3fb3-43be-8ca7-cbcb33865ab1}</UniqueIdentifier>
    </Filter>
  </ItemGroup>
  <ItemGroup>
    <ClCompile Include="DSUtil.cpp">
      <Filter>Source Files</Filter>
    </ClCompile>
    <ClCompile Include="H264Nalu.cpp">
      <Filter>Source Files</Filter>
    </ClCompile>
    <ClCompile Include="MediaTypeEx.cpp">
      <Filter>Source Files</Filter>
    </ClCompile>
    <ClCompile Include="MediaTypes.cpp">
      <Filter>Source Files</Filter>
    </ClCompile>
    <ClCompile Include="stdafx.cpp">
      <Filter>Source Files</Filter>
    </ClCompile>
    <ClCompile Include="AudioTools.cpp">
      <Filter>Source Files</Filter>
    </ClCompile>
    <ClCompile Include="WinAPIUtils.cpp">
      <Filter>Source Files</Filter>
    </ClCompile>
    <ClCompile Include="PathUtils.cpp">
      <Filter>Source Files</Filter>
    </ClCompile>
    <ClCompile Include="CoordGeom.cpp">
      <Filter>Source Files</Filter>
    </ClCompile>
    <ClCompile Include="SyncClock.cpp">
      <Filter>Source Files</Filter>
    </ClCompile>
    <ClCompile Include="BaseGraph.cpp">
      <Filter>Source Files</Filter>
    </ClCompile>
    <ClCompile Include="FixedGraph.cpp">
      <Filter>Source Files</Filter>
    </ClCompile>
    <ClCompile Include="ByteParser.cpp">
      <Filter>Source Files</Filter>
    </ClCompile>
    <ClCompile Include="MediaSampleSideData.cpp">
      <Filter>Source Files</Filter>
    </ClCompile>
    <ClCompile Include="DeCSS\CSSauth.cpp">
      <Filter>DeCSS\Source Files</Filter>
    </ClCompile>
    <ClCompile Include="DeCSS\CSSscramble.cpp">
      <Filter>DeCSS\Source Files</Filter>
    </ClCompile>
    <ClCompile Include="DeCSS\DeCSSInputPin.cpp">
      <Filter>DeCSS\Source Files</Filter>
    </ClCompile>
    <ClCompile Include="StrConv.cpp">
      <Filter>Source Files</Filter>
    </ClCompile>
    <ClCompile Include="RegObjSafe.cpp">
      <Filter>Source Files</Filter>
    </ClCompile>
    <ClCompile Include="ConcurrentQueue.cpp">
      <Filter>Source Files</Filter>
    </ClCompile>
  </ItemGroup>
  <ItemGroup>
    <ClInclude Include="DSUtil.h">
      <Filter>Header Files</Filter>
    </ClInclude>
    <ClInclude Include="H264Nalu.h">
      <Filter>Header Files</Filter>
    </ClInclude>
    <ClInclude Include="MediaTypeEx.h">
      <Filter>Header Files</Filter>
    </ClInclude>
    <ClInclude Include="MediaTypes.h">
      <Filter>Header Files</Filter>
    </ClInclude>
    <ClInclude Include="Mpeg2Def.h">
      <Filter>Header Files</Filter>
    </ClInclude>
    <ClInclude Include="SharedInclude.h">
      <Filter>Header Files</Filter>
    </ClInclude>
    <ClInclude Include="stdafx.h">
      <Filter>Header Files</Filter>
    </ClInclude>
    <ClInclude Include="AudioTools.h">
      <Filter>Header Files</Filter>
    </ClInclude>
    <ClInclude Include="WinAPIUtils.h">
      <Filter>Header Files</Filter>
    </ClInclude>
    <ClInclude Include="PathUtils.h">
      <Filter>Header Files</Filter>
    </ClInclude>
    <ClInclude Include="VersionHelpersInternal.h">
      <Filter>Header Files</Filter>
    </ClInclude>
    <ClInclude Include="moreuuids.h">
      <Filter>Header Files</Filter>
    </ClInclude>
    <ClInclude Include="BaseWindow.h">
      <Filter>Header Files</Filter>
    </ClInclude>
    <ClInclude Include="CoordGeom.h">
      <Filter>Header Files</Filter>
    </ClInclude>
    <ClInclude Include="SyncClock.h">
      <Filter>Header Files</Filter>
    </ClInclude>
    <ClInclude Include="ConcurrentQueue.h">
      <Filter>Header Files</Filter>
    </ClInclude>
    <ClInclude Include="BaseGraph.h">
      <Filter>Header Files</Filter>
    </ClInclude>
    <ClInclude Include="IGraphBuilder2.h">
      <Filter>Header Files</Filter>
    </ClInclude>
    <ClInclude Include="FixedGraph.h">
      <Filter>Header Files</Filter>
    </ClInclude>
    <ClInclude Include="ByteParser.h">
      <Filter>Header Files</Filter>
    </ClInclude>
    <ClInclude Include="FloatingAverage.h">
      <Filter>Header Files</Filter>
    </ClInclude>
    <ClInclude Include="gpu_memcpy_sse4.h">
      <Filter>Header Files</Filter>
    </ClInclude>
    <ClInclude Include="growarray.h">
      <Filter>Header Files</Filter>
    </ClInclude>
    <ClInclude Include="lavf_log.h">
      <Filter>Header Files</Filter>
    </ClInclude>
    <ClInclude Include="MediaSampleSideData.h">
      <Filter>Header Files</Filter>
    </ClInclude>
    <ClInclude Include="rand_sse.h">
      <Filter>Header Files</Filter>
    </ClInclude>
    <ClInclude Include="DeCSS\CSSauth.h">
      <Filter>DeCSS\Header Files</Filter>
    </ClInclude>
    <ClInclude Include="DeCSS\CSSscramble.h">
      <Filter>DeCSS\Header Files</Filter>
    </ClInclude>
    <ClInclude Include="DeCSS\DeCSSInputPin.h">
      <Filter>DeCSS\Header Files</Filter>
    </ClInclude>
    <ClInclude Include="StrConv.h">
      <Filter>Header Files</Filter>
    </ClInclude>
    <ClInclude Include="RegObjSafe.h">
      <Filter>Header Files</Filter>
    </ClInclude>
  </ItemGroup>
</Project>