<?xml version="1.0" encoding="utf-8"?>
<Project ToolsVersion="4.0" xmlns="http://schemas.microsoft.com/developer/msbuild/2003">
  <ItemGroup>
    <Filter Include="Header Files">
      <UniqueIdentifier>{6295f71c-2bda-4678-9986-a389a4dcb8b4}</UniqueIdentifier>
    </Filter>
    <Filter Include="Source Files">
      <UniqueIdentifier>{db33e0fe-8d25-4e96-9b86-0c36153b28bb}</UniqueIdentifier>
    </Filter>
    <Filter Include="Interface Files">
      <UniqueIdentifier>{01956445-cfe7-442f-a077-30cc1fae5876}</UniqueIdentifier>
    </Filter>
    <Filter Include="Resource Files">
      <UniqueIdentifier>{865b4007-f8ed-4490-a525-c57ef31ebde6}</UniqueIdentifier>
    </Filter>
  </ItemGroup>
  <ItemGroup>
    <ClCompile Include="stdafx.cpp">
      <Filter>Source Files</Filter>
    </ClCompile>
    <ClCompile Include="main.cpp">
      <Filter>Source Files</Filter>
    </ClCompile>
    <ClCompile Include="MixedGraph.cpp">
      <Filter>Source Files</Filter>
    </ClCompile>
    <ClCompile Include="xsengine.cpp">
      <Filter>Source Files</Filter>
    </ClCompile>
    <ClCompile Include="xse_ctl.cpp">
      <Filter>Source Files</Filter>
    </ClCompile>
  </ItemGroup>
  <ItemGroup>
    <ClInclude Include="stdafx.h">
      <Filter>Header Files</Filter>
    </ClInclude>
    <ClInclude Include="xsengine.h">
      <Filter>Interface Files</Filter>
    </ClInclude>
    <ClInclude Include="MixedGraph.h">
      <Filter>Header Files</Filter>
    </ClInclude>
    <ClInclude Include="global.h">
      <Filter>Header Files</Filter>
    </ClInclude>
    <ClInclude Include="resource.h">
      <Filter>Header Files</Filter>
    </ClInclude>
    <ClInclude Include="xse_ctl.h">
      <Filter>Header Files</Filter>
    </ClInclude>
    <ClInclude Include="xse_ctl_event.h">
      <Filter>Header Files</Filter>
    </ClInclude>
    <ClInclude Include="xsengine_ctl.h">
      <Filter>Interface Files</Filter>
    </ClInclude>
    <ClInclude Include="xsengine_guid.h">
      <Filter>Interface Files</Filter>
    </ClInclude>
  </ItemGroup>
  <ItemGroup>
    <None Include="xsengine.def">
      <Filter>Source Files</Filter>
    </None>
    <None Include="xse_ctl.regstr">
      <Filter>Resource Files</Filter>
    </None>
  </ItemGroup>
  <ItemGroup>
    <Midl Include="xsengine.idl">
      <Filter>Interface Files</Filter>
    </Midl>
  </ItemGroup>
  <ItemGroup>
    <ResourceCompile Include="xsengine.rc">
      <Filter>Resource Files</Filter>
    </ResourceCompile>
  </ItemGroup>
  <ItemGroup>
    <Image Include="xse_ctl.bmp">
      <Filter>Resource Files</Filter>
    </Image>
  </ItemGroup>
</Project>